
Microsoft Visual Studio Solution File, Format Version 12.00
# Visual Studio Version 16
VisualStudioVersion = 16.0.30413.136
MinimumVisualStudioVersion = 10.0.40219.1
Project("{2150E333-8FDC-42A3-9474-1A3956D46DE8}") = "src", "src", "{0225A4B4-7848-4A71-89F9-AE384C0B7191}"
EndProject
Project("{2150E333-8FDC-42A3-9474-1A3956D46DE8}") = "test", "test", "{6BD208AF-EE2B-4C77-8C5E-810BA38194BE}"
EndProject
Project("{9A19103F-16F7-4668-BE54-9A1E7A4F7556}") = "AuthService", "src\AuthService\AuthService.csproj", "{FADFEE96-BDFF-427F-841C-10EE1CE54785}"
EndProject
Project("{9A19103F-16F7-4668-BE54-9A1E7A4F7556}") = "AuthService.Broker", "src\AuthService.Broker\AuthService.Broker.csproj", "{7A938D4E-97E3-4977-AF86-3219763C5A05}"
EndProject
Project("{9A19103F-16F7-4668-BE54-9A1E7A4F7556}") = "AuthService.Business", "src\AuthService.Business\AuthService.Business.csproj", "{C38E90A0-52EB-43FA-864B-23503F891F1A}"
EndProject
Project("{9A19103F-16F7-4668-BE54-9A1E7A4F7556}") = "AuthService.Models.Dto", "src\AuthService.Models.Dto\AuthService.Models.Dto.csproj", "{0F0C4B98-75B7-4627-AA3D-7AC940CF1AD9}"
EndProject
Project("{9A19103F-16F7-4668-BE54-9A1E7A4F7556}") = "AuthService.Token", "src\AuthService.Token\AuthService.Token.csproj", "{7CEAF1E0-1973-4B78-878C-396DDB5560D9}"
EndProject
Project("{9A19103F-16F7-4668-BE54-9A1E7A4F7556}") = "AuthService.Validation", "src\AuthService.Validation\AuthService.Validation.csproj", "{A21F496F-FB27-479C-A690-E5BA85BF43CC}"
EndProject
Project("{9A19103F-16F7-4668-BE54-9A1E7A4F7556}") = "AuthService.Broker.UnitTests", "test\AuthService.Broker.UnitTests\AuthService.Broker.UnitTests.csproj", "{CAD213E0-B483-4083-A96E-15DD754F25B2}"
EndProject
Project("{9A19103F-16F7-4668-BE54-9A1E7A4F7556}") = "AuthService.Business.UnitTests", "test\AuthService.Business.UnitTests\AuthService.Business.UnitTests.csproj", "{0DF507C5-D37F-4CD2-890E-9823A9B4A8A6}"
EndProject
Project("{9A19103F-16F7-4668-BE54-9A1E7A4F7556}") = "AuthService.Token.UnitTests", "test\AuthService.Token.UnitTests\AuthService.Token.UnitTests.csproj", "{CD20F463-CA2B-4139-B165-1AFC7C8BB645}"
EndProject
Project("{9A19103F-16F7-4668-BE54-9A1E7A4F7556}") = "AuthService.Validation.UnitTests", "test\AuthService.Validation.UnitTests\AuthService.Validation.UnitTests.csproj", "{F1C7FBFB-8833-4455-B6B3-4220A3E854A9}"
EndProject
Project("{2150E333-8FDC-42A3-9474-1A3956D46DE8}") = "Solution items", "Solution items", "{B9B3E453-FB72-473C-802E-F1075A8D9A20}"
	ProjectSection(SolutionItems) = preProject
		.dockerignore = .dockerignore
		.editorconfig = .editorconfig
		.gitignore = .gitignore
		Common.Configurations.targets = Common.Configurations.targets
		Dockerfile = Dockerfile
		.github\workflows\main.yml = .github\workflows\main.yml
		README.md = README.md
	EndProjectSection
EndProject
Global
	GlobalSection(SolutionConfigurationPlatforms) = preSolution
		Debug|Any CPU = Debug|Any CPU
		Release|Any CPU = Release|Any CPU
	EndGlobalSection
	GlobalSection(ProjectConfigurationPlatforms) = postSolution
		{FADFEE96-BDFF-427F-841C-10EE1CE54785}.Debug|Any CPU.ActiveCfg = Debug|Any CPU
		{FADFEE96-BDFF-427F-841C-10EE1CE54785}.Debug|Any CPU.Build.0 = Debug|Any CPU
		{FADFEE96-BDFF-427F-841C-10EE1CE54785}.Release|Any CPU.ActiveCfg = Release|Any CPU
		{FADFEE96-BDFF-427F-841C-10EE1CE54785}.Release|Any CPU.Build.0 = Release|Any CPU
		{7A938D4E-97E3-4977-AF86-3219763C5A05}.Debug|Any CPU.ActiveCfg = Debug|Any CPU
		{7A938D4E-97E3-4977-AF86-3219763C5A05}.Debug|Any CPU.Build.0 = Debug|Any CPU
		{7A938D4E-97E3-4977-AF86-3219763C5A05}.Release|Any CPU.ActiveCfg = Release|Any CPU
		{7A938D4E-97E3-4977-AF86-3219763C5A05}.Release|Any CPU.Build.0 = Release|Any CPU
		{C38E90A0-52EB-43FA-864B-23503F891F1A}.Debug|Any CPU.ActiveCfg = Debug|Any CPU
		{C38E90A0-52EB-43FA-864B-23503F891F1A}.Debug|Any CPU.Build.0 = Debug|Any CPU
		{C38E90A0-52EB-43FA-864B-23503F891F1A}.Release|Any CPU.ActiveCfg = Release|Any CPU
		{C38E90A0-52EB-43FA-864B-23503F891F1A}.Release|Any CPU.Build.0 = Release|Any CPU
		{0F0C4B98-75B7-4627-AA3D-7AC940CF1AD9}.Debug|Any CPU.ActiveCfg = Debug|Any CPU
		{0F0C4B98-75B7-4627-AA3D-7AC940CF1AD9}.Debug|Any CPU.Build.0 = Debug|Any CPU
		{0F0C4B98-75B7-4627-AA3D-7AC940CF1AD9}.Release|Any CPU.ActiveCfg = Release|Any CPU
		{0F0C4B98-75B7-4627-AA3D-7AC940CF1AD9}.Release|Any CPU.Build.0 = Release|Any CPU
		{7CEAF1E0-1973-4B78-878C-396DDB5560D9}.Debug|Any CPU.ActiveCfg = Debug|Any CPU
		{7CEAF1E0-1973-4B78-878C-396DDB5560D9}.Debug|Any CPU.Build.0 = Debug|Any CPU
		{7CEAF1E0-1973-4B78-878C-396DDB5560D9}.Release|Any CPU.ActiveCfg = Release|Any CPU
		{7CEAF1E0-1973-4B78-878C-396DDB5560D9}.Release|Any CPU.Build.0 = Release|Any CPU
		{A21F496F-FB27-479C-A690-E5BA85BF43CC}.Debug|Any CPU.ActiveCfg = Debug|Any CPU
		{A21F496F-FB27-479C-A690-E5BA85BF43CC}.Debug|Any CPU.Build.0 = Debug|Any CPU
		{A21F496F-FB27-479C-A690-E5BA85BF43CC}.Release|Any CPU.ActiveCfg = Release|Any CPU
		{A21F496F-FB27-479C-A690-E5BA85BF43CC}.Release|Any CPU.Build.0 = Release|Any CPU
		{CAD213E0-B483-4083-A96E-15DD754F25B2}.Debug|Any CPU.ActiveCfg = Debug|Any CPU
		{CAD213E0-B483-4083-A96E-15DD754F25B2}.Debug|Any CPU.Build.0 = Debug|Any CPU
		{CAD213E0-B483-4083-A96E-15DD754F25B2}.Release|Any CPU.ActiveCfg = Release|Any CPU
		{CAD213E0-B483-4083-A96E-15DD754F25B2}.Release|Any CPU.Build.0 = Release|Any CPU
		{0DF507C5-D37F-4CD2-890E-9823A9B4A8A6}.Debug|Any CPU.ActiveCfg = Debug|Any CPU
		{0DF507C5-D37F-4CD2-890E-9823A9B4A8A6}.Debug|Any CPU.Build.0 = Debug|Any CPU
		{0DF507C5-D37F-4CD2-890E-9823A9B4A8A6}.Release|Any CPU.ActiveCfg = Release|Any CPU
		{0DF507C5-D37F-4CD2-890E-9823A9B4A8A6}.Release|Any CPU.Build.0 = Release|Any CPU
		{CD20F463-CA2B-4139-B165-1AFC7C8BB645}.Debug|Any CPU.ActiveCfg = Debug|Any CPU
		{CD20F463-CA2B-4139-B165-1AFC7C8BB645}.Debug|Any CPU.Build.0 = Debug|Any CPU
		{CD20F463-CA2B-4139-B165-1AFC7C8BB645}.Release|Any CPU.ActiveCfg = Release|Any CPU
		{CD20F463-CA2B-4139-B165-1AFC7C8BB645}.Release|Any CPU.Build.0 = Release|Any CPU
		{F1C7FBFB-8833-4455-B6B3-4220A3E854A9}.Debug|Any CPU.ActiveCfg = Debug|Any CPU
		{F1C7FBFB-8833-4455-B6B3-4220A3E854A9}.Debug|Any CPU.Build.0 = Debug|Any CPU
		{F1C7FBFB-8833-4455-B6B3-4220A3E854A9}.Release|Any CPU.ActiveCfg = Release|Any CPU
		{F1C7FBFB-8833-4455-B6B3-4220A3E854A9}.Release|Any CPU.Build.0 = Release|Any CPU
	EndGlobalSection
	GlobalSection(SolutionProperties) = preSolution
		HideSolutionNode = FALSE
	EndGlobalSection
	GlobalSection(NestedProjects) = preSolution
		{FADFEE96-BDFF-427F-841C-10EE1CE54785} = {0225A4B4-7848-4A71-89F9-AE384C0B7191}
		{7A938D4E-97E3-4977-AF86-3219763C5A05} = {0225A4B4-7848-4A71-89F9-AE384C0B7191}
		{C38E90A0-52EB-43FA-864B-23503F891F1A} = {0225A4B4-7848-4A71-89F9-AE384C0B7191}
		{0F0C4B98-75B7-4627-AA3D-7AC940CF1AD9} = {0225A4B4-7848-4A71-89F9-AE384C0B7191}
		{7CEAF1E0-1973-4B78-878C-396DDB5560D9} = {0225A4B4-7848-4A71-89F9-AE384C0B7191}
		{A21F496F-FB27-479C-A690-E5BA85BF43CC} = {0225A4B4-7848-4A71-89F9-AE384C0B7191}
		{CAD213E0-B483-4083-A96E-15DD754F25B2} = {6BD208AF-EE2B-4C77-8C5E-810BA38194BE}
		{0DF507C5-D37F-4CD2-890E-9823A9B4A8A6} = {6BD208AF-EE2B-4C77-8C5E-810BA38194BE}
		{CD20F463-CA2B-4139-B165-1AFC7C8BB645} = {6BD208AF-EE2B-4C77-8C5E-810BA38194BE}
		{F1C7FBFB-8833-4455-B6B3-4220A3E854A9} = {6BD208AF-EE2B-4C77-8C5E-810BA38194BE}
	EndGlobalSection
	GlobalSection(ExtensibilityGlobals) = postSolution
		SolutionGuid = {05E98720-992F-4CC5-8E80-6087B96746FD}
	EndGlobalSection
EndGlobal
